
Microsoft Visual Studio Solution File, Format Version 12.00
# Visual Studio 15
VisualStudioVersion = 15.0.26124.0
MinimumVisualStudioVersion = 15.0.26124.0
Project("{2150E333-8FDC-42A3-9474-1A3956D46DE8}") = "src", "src", "{285D78F8-C0A6-490A-8824-B949D027873B}"
EndProject
Project("{FAE04EC0-301F-11D3-BF4B-00C04F79EFBC}") = "EF3.WebApi", "src\EF3.WebApi\EF3.WebApi.csproj", "{9BE172BC-5756-460C-A020-1F63E9E1015B}"
EndProject
Project("{FAE04EC0-301F-11D3-BF4B-00C04F79EFBC}") = "EF3.WebApi.Tests", "src\EF3.WebApi.Tests\EF3.WebApi.Tests.csproj", "{0EA01248-7A15-4874-A890-BFF0E5F2DD1C}"
EndProject
Global
	GlobalSection(SolutionConfigurationPlatforms) = preSolution
		Debug|Any CPU = Debug|Any CPU
		Debug|x64 = Debug|x64
		Debug|x86 = Debug|x86
		Release|Any CPU = Release|Any CPU
		Release|x64 = Release|x64
		Release|x86 = Release|x86
	EndGlobalSection
	GlobalSection(SolutionProperties) = preSolution
		HideSolutionNode = FALSE
	EndGlobalSection
	GlobalSection(ProjectConfigurationPlatforms) = postSolution
		{9BE172BC-5756-460C-A020-1F63E9E1015B}.Debug|Any CPU.ActiveCfg = Debug|Any CPU
		{9BE172BC-5756-460C-A020-1F63E9E1015B}.Debug|Any CPU.Build.0 = Debug|Any CPU
		{9BE172BC-5756-460C-A020-1F63E9E1015B}.Debug|x64.ActiveCfg = Debug|Any CPU
		{9BE172BC-5756-460C-A020-1F63E9E1015B}.Debug|x64.Build.0 = Debug|Any CPU
		{9BE172BC-5756-460C-A020-1F63E9E1015B}.Debug|x86.ActiveCfg = Debug|Any CPU
		{9BE172BC-5756-460C-A020-1F63E9E1015B}.Debug|x86.Build.0 = Debug|Any CPU
		{9BE172BC-5756-460C-A020-1F63E9E1015B}.Release|Any CPU.ActiveCfg = Release|Any CPU
		{9BE172BC-5756-460C-A020-1F63E9E1015B}.Release|Any CPU.Build.0 = Release|Any CPU
		{9BE172BC-5756-460C-A020-1F63E9E1015B}.Release|x64.ActiveCfg = Release|Any CPU
		{9BE172BC-5756-460C-A020-1F63E9E1015B}.Release|x64.Build.0 = Release|Any CPU
		{9BE172BC-5756-460C-A020-1F63E9E1015B}.Release|x86.ActiveCfg = Release|Any CPU
		{9BE172BC-5756-460C-A020-1F63E9E1015B}.Release|x86.Build.0 = Release|Any CPU
		{0EA01248-7A15-4874-A890-BFF0E5F2DD1C}.Debug|Any CPU.ActiveCfg = Debug|Any CPU
		{0EA01248-7A15-4874-A890-BFF0E5F2DD1C}.Debug|Any CPU.Build.0 = Debug|Any CPU
		{0EA01248-7A15-4874-A890-BFF0E5F2DD1C}.Debug|x64.ActiveCfg = Debug|Any CPU
		{0EA01248-7A15-4874-A890-BFF0E5F2DD1C}.Debug|x64.Build.0 = Debug|Any CPU
		{0EA01248-7A15-4874-A890-BFF0E5F2DD1C}.Debug|x86.ActiveCfg = Debug|Any CPU
		{0EA01248-7A15-4874-A890-BFF0E5F2DD1C}.Debug|x86.Build.0 = Debug|Any CPU
		{0EA01248-7A15-4874-A890-BFF0E5F2DD1C}.Release|Any CPU.ActiveCfg = Release|Any CPU
		{0EA01248-7A15-4874-A890-BFF0E5F2DD1C}.Release|Any CPU.Build.0 = Release|Any CPU
		{0EA01248-7A15-4874-A890-BFF0E5F2DD1C}.Release|x64.ActiveCfg = Release|Any CPU
		{0EA01248-7A15-4874-A890-BFF0E5F2DD1C}.Release|x64.Build.0 = Release|Any CPU
		{0EA01248-7A15-4874-A890-BFF0E5F2DD1C}.Release|x86.ActiveCfg = Release|Any CPU
		{0EA01248-7A15-4874-A890-BFF0E5F2DD1C}.Release|x86.Build.0 = Release|Any CPU
	EndGlobalSection
	GlobalSection(NestedProjects) = preSolution
		{9BE172BC-5756-460C-A020-1F63E9E1015B} = {285D78F8-C0A6-490A-8824-B949D027873B}
		{0EA01248-7A15-4874-A890-BFF0E5F2DD1C} = {285D78F8-C0A6-490A-8824-B949D027873B}
	EndGlobalSection
EndGlobal
